// !$*UTF8*$!
{
	archiveVersion = 1;
	classes = {
	};
	objectVersion = 77;
	objects = {

/* Begin PBXBuildFile section */
		00D035F4CCE176BD3E53D4F1 /* CodexRemoteApp.swift in Sources */ = {isa = PBXBuildFile; fileRef = F6C01C7EC77E19B927C5E72B /* CodexRemoteApp.swift */; };
		01BE5A03B6CE5A4875A7AD98 /* Citadel in Frameworks */ = {isa = PBXBuildFile; productRef = 55AF6C40AC2043794D057E06 /* Citadel */; };
		046D60CECEF36F595B491834 /* ProjectsStore.swift in Sources */ = {isa = PBXBuildFile; fileRef = 2F3DFDE3E35F47099089A687 /* ProjectsStore.swift */; };
		06B05F7B8EDDC80C8B347B7C /* WSFrameTests.swift in Sources */ = {isa = PBXBuildFile; fileRef = 629C4BF64FE053EFFD673A46 /* WSFrameTests.swift */; };
		092CD1F52D3E6A361F9BFFE5 /* RightPanelView.swift in Sources */ = {isa = PBXBuildFile; fileRef = BF1642FA85A90C056E5D3064 /* RightPanelView.swift */; };
		09EBBCF3632D7D40FE2228CE /* MidTurnControlTests.swift in Sources */ = {isa = PBXBuildFile; fileRef = 114A352157315BC15F79C989 /* MidTurnControlTests.swift */; };
		0D779937FAD9F552AAECEFF9 /* TransportControlEvent.swift in Sources */ = {isa = PBXBuildFile; fileRef = 12C73D50DE0A51AB89EF6CC7 /* TransportControlEvent.swift */; };
		123F9BDEDD1CADB7A435CB82 /* ConnectionStoreTests.swift in Sources */ = {isa = PBXBuildFile; fileRef = F5B0B06C966AB8B15879FD39 /* ConnectionStoreTests.swift */; };
		13472DEE88E768A9DEF5651A /* MockTransport.swift in Sources */ = {isa = PBXBuildFile; fileRef = FB0BD4E81945814B56FD25C0 /* MockTransport.swift */; };
		159D4E8773AA4216D0658E65 /* SettingsMenu.swift in Sources */ = {isa = PBXBuildFile; fileRef = D040C9BE53B75E6C6529FFF3 /* SettingsMenu.swift */; };
		19D62A239106D552D1C812A9 /* JSONRPCEnvelope.swift in Sources */ = {isa = PBXBuildFile; fileRef = 2B8A2809870EB2C408134910 /* JSONRPCEnvelope.swift */; };
		225A829C18798A93B2B74704 /* WorkspaceSummary.swift in Sources */ = {isa = PBXBuildFile; fileRef = F89DD3906AD6C1071DE129EA /* WorkspaceSummary.swift */; };
		275C19E77BD43DA8BF99C5E3 /* AnyCodable.swift in Sources */ = {isa = PBXBuildFile; fileRef = 0497AFEB2BBEEB2BA956BB6B /* AnyCodable.swift */; };
		27868CE1EA50E45AA73B6C43 /* InitializeTypes.swift in Sources */ = {isa = PBXBuildFile; fileRef = E215C9203892AFED56C0141C /* InitializeTypes.swift */; };
		27C11FFD572F6EB3E333175B /* TurnDiffStats.swift in Sources */ = {isa = PBXBuildFile; fileRef = 9164D6EECFD1ED77AC8C6411 /* TurnDiffStats.swift */; };
		2D322EE14909CDF6A7041FF6 /* ConnectionConfigView.swift in Sources */ = {isa = PBXBuildFile; fileRef = 9B894142E63413C7F50ACF58 /* ConnectionConfigView.swift */; };
		2DFB2CAF97BD2AB649FA006C /* ConnectionStore.swift in Sources */ = {isa = PBXBuildFile; fileRef = EB4E24CD7D089598C083CD03 /* ConnectionStore.swift */; };
		2E22F5B05273F39AC264E778 /* ProtocolTypesTests.swift in Sources */ = {isa = PBXBuildFile; fileRef = AFD990BEF80BA894D65E3CC8 /* ProtocolTypesTests.swift */; };
		2ECEF967A2DCD5967A2D7F58 /* SidebarCollapseStore.swift in Sources */ = {isa = PBXBuildFile; fileRef = 2E2FC2BAB94125D5C1A15DCC /* SidebarCollapseStore.swift */; };
		316D3211ACE08A29E4BCFC9B /* InfoPlist.xcstrings in Resources */ = {isa = PBXBuildFile; fileRef = 397A41F9D200F56D5D93B94D /* InfoPlist.xcstrings */; };
		33AC004C9A4D4DBB4DD0E93E /* ThreadTypes.swift in Sources */ = {isa = PBXBuildFile; fileRef = A2FC01F7E01FE2DD6E33085E /* ThreadTypes.swift */; };
		35C4ADCC92F968B4703A89E8 /* Assets.xcassets in Resources */ = {isa = PBXBuildFile; fileRef = 60EE28685182A0308440F059 /* Assets.xcassets */; };
		412BB8A71B0724935A0B3602 /* OrientationSnapshotTests.swift in Sources */ = {isa = PBXBuildFile; fileRef = 99F655DD85E105FE65CF9AE9 /* OrientationSnapshotTests.swift */; };
		4384F6C49B4DF94DB99FF2B3 /* LiveTransport.swift in Sources */ = {isa = PBXBuildFile; fileRef = 114F7031E01A77E37A2A74F6 /* LiveTransport.swift */; };
		452E4822A3BA3E26FC0B7AE6 /* WSFrame.swift in Sources */ = {isa = PBXBuildFile; fileRef = 9CEC01713BD0BCEF1B4FC566 /* WSFrame.swift */; };
		453B3D27BB12F60A8A83059D /* WorkspaceMetricsTests.swift in Sources */ = {isa = PBXBuildFile; fileRef = 72CFD4C14CF04C7D4A529079 /* WorkspaceMetricsTests.swift */; };
		456A61D0BE4FF03A2281ADEC /* ApprovalStoreTests.swift in Sources */ = {isa = PBXBuildFile; fileRef = 8C30F4E2DC9A8957D15E03DA /* ApprovalStoreTests.swift */; };
		46E575375B31BBDD1B4241BB /* JSONRPCClientTests.swift in Sources */ = {isa = PBXBuildFile; fileRef = 5FF7AFB1095E4D55F8F9B48E /* JSONRPCClientTests.swift */; };
		51A6B737CEFC17965BF8AAE5 /* KeychainStore.swift in Sources */ = {isa = PBXBuildFile; fileRef = DF050AC90C38320E8F8E0D52 /* KeychainStore.swift */; };
		520CB33800798B994A6E9AFF /* ResumeHistoryTests.swift in Sources */ = {isa = PBXBuildFile; fileRef = 3287E9ACB5ABFCFCB31D247E /* ResumeHistoryTests.swift */; };
		52B94E3C1B886D9A83F2ADFF /* WorkspaceSummaryTests.swift in Sources */ = {isa = PBXBuildFile; fileRef = EAE2C5B99FC08141E9BA12DE /* WorkspaceSummaryTests.swift */; };
		60B8027EA88C6844E4528DEE /* SidebarView.swift in Sources */ = {isa = PBXBuildFile; fileRef = FCE6EE6E276995AE35699CCF /* SidebarView.swift */; };
		6166961C795F332ADF8397E9 /* ProjectsStoreTests.swift in Sources */ = {isa = PBXBuildFile; fileRef = 29E4DEA2725E8A3517A77141 /* ProjectsStoreTests.swift */; };
		621495768AAB9EBBF750AC79 /* ThreadReducerTests.swift in Sources */ = {isa = PBXBuildFile; fileRef = 665E5D286E79DF598F867D8E /* ThreadReducerTests.swift */; };
		62753040920C67B96CE44594 /* ApprovalTypes.swift in Sources */ = {isa = PBXBuildFile; fileRef = 402523179862EC8236FEA0CA /* ApprovalTypes.swift */; };
		63920F05BE49A3245FE7CAA3 /* SSHClient.swift in Sources */ = {isa = PBXBuildFile; fileRef = 1A8CF06540ED3E7C246131C8 /* SSHClient.swift */; };
		68F41951B0D29141EC887051 /* TransportError.swift in Sources */ = {isa = PBXBuildFile; fileRef = 02F9A9AAD9F7FFA810F6D770 /* TransportError.swift */; };
		6FDED8BD7EE37F307D0B8BBE /* BottomPanelView.swift in Sources */ = {isa = PBXBuildFile; fileRef = 8EB7B9AC104F15296013EB10 /* BottomPanelView.swift */; };
		6FFAD733B154404C0C3584E6 /* SessionControlTests.swift in Sources */ = {isa = PBXBuildFile; fileRef = 59C2C186A13348CD2DD924AD /* SessionControlTests.swift */; };
		72FE542A0B5F413DFD6BF3A5 /* MessageTransport.swift in Sources */ = {isa = PBXBuildFile; fileRef = F31A93FB90F22CE40924C1E9 /* MessageTransport.swift */; };
		74A5B7B7957A63E4631730A0 /* realTurnSequence.json in Resources */ = {isa = PBXBuildFile; fileRef = D357AD1CF6AF4E964407917D /* realTurnSequence.json */; };
		7564BF0AF552143A02DD9568 /* RequestIdGeneratorTests.swift in Sources */ = {isa = PBXBuildFile; fileRef = 653E5C8A33FD7F7568474BB5 /* RequestIdGeneratorTests.swift */; };
		768F24B3698500CD6C53C0DA /* Methods.swift in Sources */ = {isa = PBXBuildFile; fileRef = F1ED1C6167187E761CB4F080 /* Methods.swift */; };
		76C0FDC0BD8FF14BBA01DE3A /* SummaryPopoverView.swift in Sources */ = {isa = PBXBuildFile; fileRef = 44181632C721FBFB09ED69C0 /* SummaryPopoverView.swift */; };
		778221A116B554E3EA194D10 /* JSONRPCEnvelopeTests.swift in Sources */ = {isa = PBXBuildFile; fileRef = 3A46B0F715AC99CD902533D4 /* JSONRPCEnvelopeTests.swift */; };
		7C1E8B9263F5008571A38230 /* InspectorView.swift in Sources */ = {isa = PBXBuildFile; fileRef = F739862A665E7A7C169F4704 /* InspectorView.swift */; };
		86EDA4A60ECC1981BFBD9F47 /* KeyManager.swift in Sources */ = {isa = PBXBuildFile; fileRef = 143B36880763EB0B23DF98E5 /* KeyManager.swift */; };
		8924E2361FB43E1B59B0C06C /* ApprovalStore.swift in Sources */ = {isa = PBXBuildFile; fileRef = 299CE3AF94910F633856C075 /* ApprovalStore.swift */; };
		8D149C418824DDC92C03C15A /* RequestIdGenerator.swift in Sources */ = {isa = PBXBuildFile; fileRef = 265FEEA4EBD145A97B6C6769 /* RequestIdGenerator.swift */; };
		909285AAA2F161956D6E21BA /* PlanStepList.swift in Sources */ = {isa = PBXBuildFile; fileRef = 2748B1BAA038016681DA082B /* PlanStepList.swift */; };
		9E265052FF22A341C5FCADDA /* JSONRPCClient.swift in Sources */ = {isa = PBXBuildFile; fileRef = 164835E5F53DB4EC1BCAB13B /* JSONRPCClient.swift */; };
		9EE939BBE6DC57C306FEE425 /* TurnDiffStatsTests.swift in Sources */ = {isa = PBXBuildFile; fileRef = DABB3808D7F992E8E64B2D8B /* TurnDiffStatsTests.swift */; };
		9F2EB90F10A15CE1CE83FDB9 /* SidebarCollapseStoreTests.swift in Sources */ = {isa = PBXBuildFile; fileRef = B26181D87CDAC2BD3CDE3CF1 /* SidebarCollapseStoreTests.swift */; };
		A0657FFE6724B05B96DEEF24 /* ConversationStore.swift in Sources */ = {isa = PBXBuildFile; fileRef = 3EB7C9E83303FF08058487D8 /* ConversationStore.swift */; };
		A3F5E6FE215FBCD46FCFBD1B /* AppearanceManagers.swift in Sources */ = {isa = PBXBuildFile; fileRef = 6F83778510EC69DF831169E4 /* AppearanceManagers.swift */; };
		A5E3135117192215A58A0725 /* ConversationModels.swift in Sources */ = {isa = PBXBuildFile; fileRef = 896AF6065B1D4F09402CBEA2 /* ConversationModels.swift */; };
		A790C963ED7709278CC0AB24 /* Localizable.xcstrings in Resources */ = {isa = PBXBuildFile; fileRef = 52ED241DEE744DA8DBFA44B1 /* Localizable.xcstrings */; };
		AE409793C410F73918FB4566 /* EnvironmentInspectorTests.swift in Sources */ = {isa = PBXBuildFile; fileRef = EAC9F320A35BB19E1F9376F5 /* EnvironmentInspectorTests.swift */; };
		BB4D3A2B39ACF6522A3E1580 /* WorkspaceMetrics.swift in Sources */ = {isa = PBXBuildFile; fileRef = 99616A4BE43A7944EC073310 /* WorkspaceMetrics.swift */; };
		BC80BF4355D7BC31B80A49D8 /* ConversationStoreTests.swift in Sources */ = {isa = PBXBuildFile; fileRef = 89C550C754DB48091C44F7E5 /* ConversationStoreTests.swift */; };
		BCE49716A17C493E13D16EF1 /* AppearanceLocaleTests.swift in Sources */ = {isa = PBXBuildFile; fileRef = 7C02EF49EE36452DFABE5657 /* AppearanceLocaleTests.swift */; };
		BE8038DC1A529C8C141A2CE1 /* EnvironmentInspectorTypes.swift in Sources */ = {isa = PBXBuildFile; fileRef = 804232638CA36F919CAFD837 /* EnvironmentInspectorTypes.swift */; };
		BEAA956A0743B18240709DE1 /* agentDeltaSequence.json in Resources */ = {isa = PBXBuildFile; fileRef = 063B0130DD0BA4DB96BC3109 /* agentDeltaSequence.json */; };
		C2F8DADF2BC6D387BDF605C0 /* CodexRemoteTests.swift in Sources */ = {isa = PBXBuildFile; fileRef = 4D2197F6A2B7E899050437AB /* CodexRemoteTests.swift */; };
		CB138DD636A676F0FB62A490 /* ApprovalBoundaryTests.swift in Sources */ = {isa = PBXBuildFile; fileRef = C014E7B56BEB8CB1609A460D /* ApprovalBoundaryTests.swift */; };
		CF18EA1565EE17F448E78A4C /* PanelEmptyState.swift in Sources */ = {isa = PBXBuildFile; fileRef = F08F54E99F6B68924A02EFF3 /* PanelEmptyState.swift */; };
		CF8F6B2441D5F2864FF029F2 /* ConversationView.swift in Sources */ = {isa = PBXBuildFile; fileRef = D9267A14CDE31BC18019A9A4 /* ConversationView.swift */; };
		D2F9F55619E9A03045CA0574 /* threadResumeHistory.json in Resources */ = {isa = PBXBuildFile; fileRef = 465D0BE0B580B8C6A0E48941 /* threadResumeHistory.json */; };
		D5B6DA068B60C12A08A999F2 /* KeychainStoreTests.swift in Sources */ = {isa = PBXBuildFile; fileRef = 882D98A278D8B64C660B8A05 /* KeychainStoreTests.swift */; };
		D70B6AACE385E2B532842EC5 /* TurnTypes.swift in Sources */ = {isa = PBXBuildFile; fileRef = C8F51BD06F0FA6F6B8896FEA /* TurnTypes.swift */; };
		D7CEB04CD635A9C85D8EE084 /* TransportControlTests.swift in Sources */ = {isa = PBXBuildFile; fileRef = CADC1D5FAC4F625511CDF599 /* TransportControlTests.swift */; };
		D7DB285A0CE365DE4A94F642 /* ApprovalCardView.swift in Sources */ = {isa = PBXBuildFile; fileRef = DB846AD2F27716658BCDC96E /* ApprovalCardView.swift */; };
		DA6FEB73129FD9F7F7A9A19A /* TurnPlan.swift in Sources */ = {isa = PBXBuildFile; fileRef = 3C9E74C49AE6B73A702C04E1 /* TurnPlan.swift */; };
		DAE6A0A01219753101114582 /* ThreadCreationTests.swift in Sources */ = {isa = PBXBuildFile; fileRef = B500C47E4C5F7BD67CBD9017 /* ThreadCreationTests.swift */; };
		DC440456A329A9F970150EED /* ApprovalCoordinator.swift in Sources */ = {isa = PBXBuildFile; fileRef = F59BCD443AF36F312C9CA334 /* ApprovalCoordinator.swift */; };
		E49F3B1FD0579B617A8365B0 /* ComposerView.swift in Sources */ = {isa = PBXBuildFile; fileRef = AAA0FE80258221769494D174 /* ComposerView.swift */; };
		EE07E50E5331775B7C2244C2 /* ThreadCreationAvailableTests.swift in Sources */ = {isa = PBXBuildFile; fileRef = EB0423A12391FFC9C188F1C0 /* ThreadCreationAvailableTests.swift */; };
		F370141604AEBDF313F80D49 /* ThreadReducer.swift in Sources */ = {isa = PBXBuildFile; fileRef = AC6C6C5BA4E33943DED8B45A /* ThreadReducer.swift */; };
		F3ABCCA0D4D4D5F95EC6D43E /* ProgressCardBar.swift in Sources */ = {isa = PBXBuildFile; fileRef = 1A8F629A7787DCC01BADA85F /* ProgressCardBar.swift */; };
		F598655776CA55B9B356105C /* ItemCards.swift in Sources */ = {isa = PBXBuildFile; fileRef = C3F2D64D4DBE754E71DE9785 /* ItemCards.swift */; };
		FF3225FE3ECC3EFFECDD3484 /* ProxyChannel.swift in Sources */ = {isa = PBXBuildFile; fileRef = 538E3EC9A90E5AA65ECEC7A1 /* ProxyChannel.swift */; };
		FFA2F39B69D91D29675AC2E5 /* RootSplitView.swift in Sources */ = {isa = PBXBuildFile; fileRef = 5213B70EFC0F91FF7C6EAF29 /* RootSplitView.swift */; };
/* End PBXBuildFile section */

/* Begin PBXContainerItemProxy section */
		30E393F962EA28B6C364AD0A /* PBXContainerItemProxy */ = {
			isa = PBXContainerItemProxy;
			containerPortal = 123073DF2A1E467EE83C90DF /* Project object */;
			proxyType = 1;
			remoteGlobalIDString = 5C6152924FE6EC6FE4049E1E;
			remoteInfo = CodexRemote;
		};
/* End PBXContainerItemProxy section */

/* Begin PBXFileReference section */
		02F9A9AAD9F7FFA810F6D770 /* TransportError.swift */ = {isa = PBXFileReference; lastKnownFileType = sourcecode.swift; path = TransportError.swift; sourceTree = "<group>"; };
		044B2FFC23DFE4CE15D6EABC /* .gitkeep */ = {isa = PBXFileReference; path = .gitkeep; sourceTree = "<group>"; };
		0497AFEB2BBEEB2BA956BB6B /* AnyCodable.swift */ = {isa = PBXFileReference; lastKnownFileType = sourcecode.swift; path = AnyCodable.swift; sourceTree = "<group>"; };
		063B0130DD0BA4DB96BC3109 /* agentDeltaSequence.json */ = {isa = PBXFileReference; lastKnownFileType = text.json; path = agentDeltaSequence.json; sourceTree = "<group>"; };
		0A271F024062297B9E0875E5 /* .gitkeep */ = {isa = PBXFileReference; path = .gitkeep; sourceTree = "<group>"; };
		114A352157315BC15F79C989 /* MidTurnControlTests.swift */ = {isa = PBXFileReference; lastKnownFileType = sourcecode.swift; path = MidTurnControlTests.swift; sourceTree = "<group>"; };
		114F7031E01A77E37A2A74F6 /* LiveTransport.swift */ = {isa = PBXFileReference; lastKnownFileType = sourcecode.swift; path = LiveTransport.swift; sourceTree = "<group>"; };
		12C73D50DE0A51AB89EF6CC7 /* TransportControlEvent.swift */ = {isa = PBXFileReference; lastKnownFileType = sourcecode.swift; path = TransportControlEvent.swift; sourceTree = "<group>"; };
		143B36880763EB0B23DF98E5 /* KeyManager.swift */ = {isa = PBXFileReference; lastKnownFileType = sourcecode.swift; path = KeyManager.swift; sourceTree = "<group>"; };
		164835E5F53DB4EC1BCAB13B /* JSONRPCClient.swift */ = {isa = PBXFileReference; lastKnownFileType = sourcecode.swift; path = JSONRPCClient.swift; sourceTree = "<group>"; };
		1A8CF06540ED3E7C246131C8 /* SSHClient.swift */ = {isa = PBXFileReference; lastKnownFileType = sourcecode.swift; path = SSHClient.swift; sourceTree = "<group>"; };
		1A8F629A7787DCC01BADA85F /* ProgressCardBar.swift */ = {isa = PBXFileReference; lastKnownFileType = sourcecode.swift; path = ProgressCardBar.swift; sourceTree = "<group>"; };
		265FEEA4EBD145A97B6C6769 /* RequestIdGenerator.swift */ = {isa = PBXFileReference; lastKnownFileType = sourcecode.swift; path = RequestIdGenerator.swift; sourceTree = "<group>"; };
		2748B1BAA038016681DA082B /* PlanStepList.swift */ = {isa = PBXFileReference; lastKnownFileType = sourcecode.swift; path = PlanStepList.swift; sourceTree = "<group>"; };
		299CE3AF94910F633856C075 /* ApprovalStore.swift */ = {isa = PBXFileReference; lastKnownFileType = sourcecode.swift; path = ApprovalStore.swift; sourceTree = "<group>"; };
		29E4DEA2725E8A3517A77141 /* ProjectsStoreTests.swift */ = {isa = PBXFileReference; lastKnownFileType = sourcecode.swift; path = ProjectsStoreTests.swift; sourceTree = "<group>"; };
		2B8A2809870EB2C408134910 /* JSONRPCEnvelope.swift */ = {isa = PBXFileReference; lastKnownFileType = sourcecode.swift; path = JSONRPCEnvelope.swift; sourceTree = "<group>"; };
		2E2FC2BAB94125D5C1A15DCC /* SidebarCollapseStore.swift */ = {isa = PBXFileReference; lastKnownFileType = sourcecode.swift; path = SidebarCollapseStore.swift; sourceTree = "<group>"; };
		2F3DFDE3E35F47099089A687 /* ProjectsStore.swift */ = {isa = PBXFileReference; lastKnownFileType = sourcecode.swift; path = ProjectsStore.swift; sourceTree = "<group>"; };
		3287E9ACB5ABFCFCB31D247E /* ResumeHistoryTests.swift */ = {isa = PBXFileReference; lastKnownFileType = sourcecode.swift; path = ResumeHistoryTests.swift; sourceTree = "<group>"; };
		397A41F9D200F56D5D93B94D /* InfoPlist.xcstrings */ = {isa = PBXFileReference; lastKnownFileType = text.json.xcstrings; path = InfoPlist.xcstrings; sourceTree = "<group>"; };
		3A46B0F715AC99CD902533D4 /* JSONRPCEnvelopeTests.swift */ = {isa = PBXFileReference; lastKnownFileType = sourcecode.swift; path = JSONRPCEnvelopeTests.swift; sourceTree = "<group>"; };
		3C9E74C49AE6B73A702C04E1 /* TurnPlan.swift */ = {isa = PBXFileReference; lastKnownFileType = sourcecode.swift; path = TurnPlan.swift; sourceTree = "<group>"; };
		3EB7C9E83303FF08058487D8 /* ConversationStore.swift */ = {isa = PBXFileReference; lastKnownFileType = sourcecode.swift; path = ConversationStore.swift; sourceTree = "<group>"; };
		402523179862EC8236FEA0CA /* ApprovalTypes.swift */ = {isa = PBXFileReference; lastKnownFileType = sourcecode.swift; path = ApprovalTypes.swift; sourceTree = "<group>"; };
		44181632C721FBFB09ED69C0 /* SummaryPopoverView.swift */ = {isa = PBXFileReference; lastKnownFileType = sourcecode.swift; path = SummaryPopoverView.swift; sourceTree = "<group>"; };
		465D0BE0B580B8C6A0E48941 /* threadResumeHistory.json */ = {isa = PBXFileReference; lastKnownFileType = text.json; path = threadResumeHistory.json; sourceTree = "<group>"; };
		4D2197F6A2B7E899050437AB /* CodexRemoteTests.swift */ = {isa = PBXFileReference; lastKnownFileType = sourcecode.swift; path = CodexRemoteTests.swift; sourceTree = "<group>"; };
		5213B70EFC0F91FF7C6EAF29 /* RootSplitView.swift */ = {isa = PBXFileReference; lastKnownFileType = sourcecode.swift; path = RootSplitView.swift; sourceTree = "<group>"; };
		52ED241DEE744DA8DBFA44B1 /* Localizable.xcstrings */ = {isa = PBXFileReference; lastKnownFileType = text.json.xcstrings; path = Localizable.xcstrings; sourceTree = "<group>"; };
		538E3EC9A90E5AA65ECEC7A1 /* ProxyChannel.swift */ = {isa = PBXFileReference; lastKnownFileType = sourcecode.swift; path = ProxyChannel.swift; sourceTree = "<group>"; };
		59C2C186A13348CD2DD924AD /* SessionControlTests.swift */ = {isa = PBXFileReference; lastKnownFileType = sourcecode.swift; path = SessionControlTests.swift; sourceTree = "<group>"; };
		5FF7AFB1095E4D55F8F9B48E /* JSONRPCClientTests.swift */ = {isa = PBXFileReference; lastKnownFileType = sourcecode.swift; path = JSONRPCClientTests.swift; sourceTree = "<group>"; };
		60EE28685182A0308440F059 /* Assets.xcassets */ = {isa = PBXFileReference; lastKnownFileType = folder.assetcatalog; path = Assets.xcassets; sourceTree = "<group>"; };
		629C4BF64FE053EFFD673A46 /* WSFrameTests.swift */ = {isa = PBXFileReference; lastKnownFileType = sourcecode.swift; path = WSFrameTests.swift; sourceTree = "<group>"; };
		653E5C8A33FD7F7568474BB5 /* RequestIdGeneratorTests.swift */ = {isa = PBXFileReference; lastKnownFileType = sourcecode.swift; path = RequestIdGeneratorTests.swift; sourceTree = "<group>"; };
		665E5D286E79DF598F867D8E /* ThreadReducerTests.swift */ = {isa = PBXFileReference; lastKnownFileType = sourcecode.swift; path = ThreadReducerTests.swift; sourceTree = "<group>"; };
		6F83778510EC69DF831169E4 /* AppearanceManagers.swift */ = {isa = PBXFileReference; lastKnownFileType = sourcecode.swift; path = AppearanceManagers.swift; sourceTree = "<group>"; };
		72CFD4C14CF04C7D4A529079 /* WorkspaceMetricsTests.swift */ = {isa = PBXFileReference; lastKnownFileType = sourcecode.swift; path = WorkspaceMetricsTests.swift; sourceTree = "<group>"; };
		7C02EF49EE36452DFABE5657 /* AppearanceLocaleTests.swift */ = {isa = PBXFileReference; lastKnownFileType = sourcecode.swift; path = AppearanceLocaleTests.swift; sourceTree = "<group>"; };
		804232638CA36F919CAFD837 /* EnvironmentInspectorTypes.swift */ = {isa = PBXFileReference; lastKnownFileType = sourcecode.swift; path = EnvironmentInspectorTypes.swift; sourceTree = "<group>"; };
		882D98A278D8B64C660B8A05 /* KeychainStoreTests.swift */ = {isa = PBXFileReference; lastKnownFileType = sourcecode.swift; path = KeychainStoreTests.swift; sourceTree = "<group>"; };
		896AF6065B1D4F09402CBEA2 /* ConversationModels.swift */ = {isa = PBXFileReference; lastKnownFileType = sourcecode.swift; path = ConversationModels.swift; sourceTree = "<group>"; };
		89C550C754DB48091C44F7E5 /* ConversationStoreTests.swift */ = {isa = PBXFileReference; lastKnownFileType = sourcecode.swift; path = ConversationStoreTests.swift; sourceTree = "<group>"; };
		8C30F4E2DC9A8957D15E03DA /* ApprovalStoreTests.swift */ = {isa = PBXFileReference; lastKnownFileType = sourcecode.swift; path = ApprovalStoreTests.swift; sourceTree = "<group>"; };
		8EB7B9AC104F15296013EB10 /* BottomPanelView.swift */ = {isa = PBXFileReference; lastKnownFileType = sourcecode.swift; path = BottomPanelView.swift; sourceTree = "<group>"; };
		9164D6EECFD1ED77AC8C6411 /* TurnDiffStats.swift */ = {isa = PBXFileReference; lastKnownFileType = sourcecode.swift; path = TurnDiffStats.swift; sourceTree = "<group>"; };
		99616A4BE43A7944EC073310 /* WorkspaceMetrics.swift */ = {isa = PBXFileReference; lastKnownFileType = sourcecode.swift; path = WorkspaceMetrics.swift; sourceTree = "<group>"; };
		99A9FA53DC2DFA3F7E44AD28 /* .gitkeep */ = {isa = PBXFileReference; path = .gitkeep; sourceTree = "<group>"; };
		99F655DD85E105FE65CF9AE9 /* OrientationSnapshotTests.swift */ = {isa = PBXFileReference; lastKnownFileType = sourcecode.swift; path = OrientationSnapshotTests.swift; sourceTree = "<group>"; };
		9B894142E63413C7F50ACF58 /* ConnectionConfigView.swift */ = {isa = PBXFileReference; lastKnownFileType = sourcecode.swift; path = ConnectionConfigView.swift; sourceTree = "<group>"; };
		9CEC01713BD0BCEF1B4FC566 /* WSFrame.swift */ = {isa = PBXFileReference; lastKnownFileType = sourcecode.swift; path = WSFrame.swift; sourceTree = "<group>"; };
		9DC1E8FE94E8A15D040ECBA7 /* .gitkeep */ = {isa = PBXFileReference; path = .gitkeep; sourceTree = "<group>"; };
		A2FC01F7E01FE2DD6E33085E /* ThreadTypes.swift */ = {isa = PBXFileReference; lastKnownFileType = sourcecode.swift; path = ThreadTypes.swift; sourceTree = "<group>"; };
		AAA0FE80258221769494D174 /* ComposerView.swift */ = {isa = PBXFileReference; lastKnownFileType = sourcecode.swift; path = ComposerView.swift; sourceTree = "<group>"; };
		AC6C6C5BA4E33943DED8B45A /* ThreadReducer.swift */ = {isa = PBXFileReference; lastKnownFileType = sourcecode.swift; path = ThreadReducer.swift; sourceTree = "<group>"; };
		AFD990BEF80BA894D65E3CC8 /* ProtocolTypesTests.swift */ = {isa = PBXFileReference; lastKnownFileType = sourcecode.swift; path = ProtocolTypesTests.swift; sourceTree = "<group>"; };
		B26181D87CDAC2BD3CDE3CF1 /* SidebarCollapseStoreTests.swift */ = {isa = PBXFileReference; lastKnownFileType = sourcecode.swift; path = SidebarCollapseStoreTests.swift; sourceTree = "<group>"; };
		B500C47E4C5F7BD67CBD9017 /* ThreadCreationTests.swift */ = {isa = PBXFileReference; lastKnownFileType = sourcecode.swift; path = ThreadCreationTests.swift; sourceTree = "<group>"; };
		BF1642FA85A90C056E5D3064 /* RightPanelView.swift */ = {isa = PBXFileReference; lastKnownFileType = sourcecode.swift; path = RightPanelView.swift; sourceTree = "<group>"; };
		C014E7B56BEB8CB1609A460D /* ApprovalBoundaryTests.swift */ = {isa = PBXFileReference; lastKnownFileType = sourcecode.swift; path = ApprovalBoundaryTests.swift; sourceTree = "<group>"; };
		C3F2D64D4DBE754E71DE9785 /* ItemCards.swift */ = {isa = PBXFileReference; lastKnownFileType = sourcecode.swift; path = ItemCards.swift; sourceTree = "<group>"; };
		C8F51BD06F0FA6F6B8896FEA /* TurnTypes.swift */ = {isa = PBXFileReference; lastKnownFileType = sourcecode.swift; path = TurnTypes.swift; sourceTree = "<group>"; };
		CADC1D5FAC4F625511CDF599 /* TransportControlTests.swift */ = {isa = PBXFileReference; lastKnownFileType = sourcecode.swift; path = TransportControlTests.swift; sourceTree = "<group>"; };
		CC4B92A18365176499E0BFAD /* .gitkeep */ = {isa = PBXFileReference; path = .gitkeep; sourceTree = "<group>"; };
		D040C9BE53B75E6C6529FFF3 /* SettingsMenu.swift */ = {isa = PBXFileReference; lastKnownFileType = sourcecode.swift; path = SettingsMenu.swift; sourceTree = "<group>"; };
		D357AD1CF6AF4E964407917D /* realTurnSequence.json */ = {isa = PBXFileReference; lastKnownFileType = text.json; path = realTurnSequence.json; sourceTree = "<group>"; };
		D9267A14CDE31BC18019A9A4 /* ConversationView.swift */ = {isa = PBXFileReference; lastKnownFileType = sourcecode.swift; path = ConversationView.swift; sourceTree = "<group>"; };
		DABB3808D7F992E8E64B2D8B /* TurnDiffStatsTests.swift */ = {isa = PBXFileReference; lastKnownFileType = sourcecode.swift; path = TurnDiffStatsTests.swift; sourceTree = "<group>"; };
		DB846AD2F27716658BCDC96E /* ApprovalCardView.swift */ = {isa = PBXFileReference; lastKnownFileType = sourcecode.swift; path = ApprovalCardView.swift; sourceTree = "<group>"; };
		DE1457298E5D37A14AAB29D9 /* .gitkeep */ = {isa = PBXFileReference; path = .gitkeep; sourceTree = "<group>"; };
		DF050AC90C38320E8F8E0D52 /* KeychainStore.swift */ = {isa = PBXFileReference; lastKnownFileType = sourcecode.swift; path = KeychainStore.swift; sourceTree = "<group>"; };
		E215C9203892AFED56C0141C /* InitializeTypes.swift */ = {isa = PBXFileReference; lastKnownFileType = sourcecode.swift; path = InitializeTypes.swift; sourceTree = "<group>"; };
		EAC9F320A35BB19E1F9376F5 /* EnvironmentInspectorTests.swift */ = {isa = PBXFileReference; lastKnownFileType = sourcecode.swift; path = EnvironmentInspectorTests.swift; sourceTree = "<group>"; };
		EAE2C5B99FC08141E9BA12DE /* WorkspaceSummaryTests.swift */ = {isa = PBXFileReference; lastKnownFileType = sourcecode.swift; path = WorkspaceSummaryTests.swift; sourceTree = "<group>"; };
		EB0423A12391FFC9C188F1C0 /* ThreadCreationAvailableTests.swift */ = {isa = PBXFileReference; lastKnownFileType = sourcecode.swift; path = ThreadCreationAvailableTests.swift; sourceTree = "<group>"; };
		EB4E24CD7D089598C083CD03 /* ConnectionStore.swift */ = {isa = PBXFileReference; lastKnownFileType = sourcecode.swift; path = ConnectionStore.swift; sourceTree = "<group>"; };
		EE826C2EEEFE8229D048565F /* .gitkeep */ = {isa = PBXFileReference; path = .gitkeep; sourceTree = "<group>"; };
		F08F54E99F6B68924A02EFF3 /* PanelEmptyState.swift */ = {isa = PBXFileReference; lastKnownFileType = sourcecode.swift; path = PanelEmptyState.swift; sourceTree = "<group>"; };
		F1ED1C6167187E761CB4F080 /* Methods.swift */ = {isa = PBXFileReference; lastKnownFileType = sourcecode.swift; path = Methods.swift; sourceTree = "<group>"; };
		F31A93FB90F22CE40924C1E9 /* MessageTransport.swift */ = {isa = PBXFileReference; lastKnownFileType = sourcecode.swift; path = MessageTransport.swift; sourceTree = "<group>"; };
		F59BCD443AF36F312C9CA334 /* ApprovalCoordinator.swift */ = {isa = PBXFileReference; lastKnownFileType = sourcecode.swift; path = ApprovalCoordinator.swift; sourceTree = "<group>"; };
		F5B0B06C966AB8B15879FD39 /* ConnectionStoreTests.swift */ = {isa = PBXFileReference; lastKnownFileType = sourcecode.swift; path = ConnectionStoreTests.swift; sourceTree = "<group>"; };
		F6C01C7EC77E19B927C5E72B /* CodexRemoteApp.swift */ = {isa = PBXFileReference; lastKnownFileType = sourcecode.swift; path = CodexRemoteApp.swift; sourceTree = "<group>"; };
		F739862A665E7A7C169F4704 /* InspectorView.swift */ = {isa = PBXFileReference; lastKnownFileType = sourcecode.swift; path = InspectorView.swift; sourceTree = "<group>"; };
		F89DD3906AD6C1071DE129EA /* WorkspaceSummary.swift */ = {isa = PBXFileReference; lastKnownFileType = sourcecode.swift; path = WorkspaceSummary.swift; sourceTree = "<group>"; };
		FA7C5D102DC860D73AE1ADE9 /* CodexRemote.app */ = {isa = PBXFileReference; includeInIndex = 0; lastKnownFileType = wrapper.application; path = CodexRemote.app; sourceTree = BUILT_PRODUCTS_DIR; };
		FB0BD4E81945814B56FD25C0 /* MockTransport.swift */ = {isa = PBXFileReference; lastKnownFileType = sourcecode.swift; path = MockTransport.swift; sourceTree = "<group>"; };
		FCE6EE6E276995AE35699CCF /* SidebarView.swift */ = {isa = PBXFileReference; lastKnownFileType = sourcecode.swift; path = SidebarView.swift; sourceTree = "<group>"; };
		FFBA120F4EEB38BFB307D900 /* CodexRemoteTests.xctest */ = {isa = PBXFileReference; includeInIndex = 0; lastKnownFileType = wrapper.cfbundle; path = CodexRemoteTests.xctest; sourceTree = BUILT_PRODUCTS_DIR; };
/* End PBXFileReference section */

/* Begin PBXFrameworksBuildPhase section */
		19CBFC54B7F6EF69F7664F3B /* Frameworks */ = {
			isa = PBXFrameworksBuildPhase;
			buildActionMask = 2147483647;
			files = (
				01BE5A03B6CE5A4875A7AD98 /* Citadel in Frameworks */,
			);
			runOnlyForDeploymentPostprocessing = 0;
		};
/* End PBXFrameworksBuildPhase section */

/* Begin PBXGroup section */
		26E8B07B1351ED1808A9FD03 /* Resources */ = {
			isa = PBXGroup;
			children = (
				397A41F9D200F56D5D93B94D /* InfoPlist.xcstrings */,
				52ED241DEE744DA8DBFA44B1 /* Localizable.xcstrings */,
			);
			path = Resources;
			sourceTree = "<group>";
		};
		3479E133AD8B5499AD636555 /* Domain */ = {
			isa = PBXGroup;
			children = (
				044B2FFC23DFE4CE15D6EABC /* .gitkeep */,
				896AF6065B1D4F09402CBEA2 /* ConversationModels.swift */,
				AC6C6C5BA4E33943DED8B45A /* ThreadReducer.swift */,
				9164D6EECFD1ED77AC8C6411 /* TurnDiffStats.swift */,
				3C9E74C49AE6B73A702C04E1 /* TurnPlan.swift */,
				F89DD3906AD6C1071DE129EA /* WorkspaceSummary.swift */,
			);
			path = Domain;
			sourceTree = "<group>";
		};
		4216DAAF73C2AA95BEC2DAF9 /* Security */ = {
			isa = PBXGroup;
			children = (
				DE1457298E5D37A14AAB29D9 /* .gitkeep */,
				DF050AC90C38320E8F8E0D52 /* KeychainStore.swift */,
				143B36880763EB0B23DF98E5 /* KeyManager.swift */,
			);
			path = Security;
			sourceTree = "<group>";
		};
		4DC2508353D071036D1C5EE4 /* Stores */ = {
			isa = PBXGroup;
			children = (
				CC4B92A18365176499E0BFAD /* .gitkeep */,
				F59BCD443AF36F312C9CA334 /* ApprovalCoordinator.swift */,
				299CE3AF94910F633856C075 /* ApprovalStore.swift */,
				EB4E24CD7D089598C083CD03 /* ConnectionStore.swift */,
				3EB7C9E83303FF08058487D8 /* ConversationStore.swift */,
				2F3DFDE3E35F47099089A687 /* ProjectsStore.swift */,
				2E2FC2BAB94125D5C1A15DCC /* SidebarCollapseStore.swift */,
			);
			path = Stores;
			sourceTree = "<group>";
		};
		5208BDFB1DB8FEC37E7C4D01 /* Views */ = {
			isa = PBXGroup;
			children = (
				9DC1E8FE94E8A15D040ECBA7 /* .gitkeep */,
				DB846AD2F27716658BCDC96E /* ApprovalCardView.swift */,
				AAA0FE80258221769494D174 /* ComposerView.swift */,
				9B894142E63413C7F50ACF58 /* ConnectionConfigView.swift */,
				D9267A14CDE31BC18019A9A4 /* ConversationView.swift */,
				F739862A665E7A7C169F4704 /* InspectorView.swift */,
				C3F2D64D4DBE754E71DE9785 /* ItemCards.swift */,
				5213B70EFC0F91FF7C6EAF29 /* RootSplitView.swift */,
				D040C9BE53B75E6C6529FFF3 /* SettingsMenu.swift */,
				FCE6EE6E276995AE35699CCF /* SidebarView.swift */,
				800EA382914F32F102EBFBDA /* Workspace */,
			);
			path = Views;
			sourceTree = "<group>";
		};
		63C68933680BE3B3F3CEF73D /* App */ = {
			isa = PBXGroup;
			children = (
				6F83778510EC69DF831169E4 /* AppearanceManagers.swift */,
				F6C01C7EC77E19B927C5E72B /* CodexRemoteApp.swift */,
				114F7031E01A77E37A2A74F6 /* LiveTransport.swift */,
			);
			path = App;
			sourceTree = "<group>";
		};
		7031D82AFA3F7B1048E6BC92 /* Protocol */ = {
			isa = PBXGroup;
			children = (
				99A9FA53DC2DFA3F7E44AD28 /* .gitkeep */,
				402523179862EC8236FEA0CA /* ApprovalTypes.swift */,
				804232638CA36F919CAFD837 /* EnvironmentInspectorTypes.swift */,
				E215C9203892AFED56C0141C /* InitializeTypes.swift */,
				F1ED1C6167187E761CB4F080 /* Methods.swift */,
				A2FC01F7E01FE2DD6E33085E /* ThreadTypes.swift */,
				C8F51BD06F0FA6F6B8896FEA /* TurnTypes.swift */,
			);
			path = Protocol;
			sourceTree = "<group>";
		};
		712AD02F05D26361AF729D70 = {
			isa = PBXGroup;
			children = (
				87E3E9BC06AA82C3710B1920 /* CodexRemote */,
				FD5327EB046E26D0A91F32DE /* CodexRemoteTests */,
				CA7B3B413DBEC4A5D2B2B3C3 /* Products */,
			);
			sourceTree = "<group>";
		};
		800EA382914F32F102EBFBDA /* Workspace */ = {
			isa = PBXGroup;
			children = (
				8EB7B9AC104F15296013EB10 /* BottomPanelView.swift */,
				F08F54E99F6B68924A02EFF3 /* PanelEmptyState.swift */,
				2748B1BAA038016681DA082B /* PlanStepList.swift */,
				1A8F629A7787DCC01BADA85F /* ProgressCardBar.swift */,
				BF1642FA85A90C056E5D3064 /* RightPanelView.swift */,
				44181632C721FBFB09ED69C0 /* SummaryPopoverView.swift */,
				99616A4BE43A7944EC073310 /* WorkspaceMetrics.swift */,
			);
			path = Workspace;
			sourceTree = "<group>";
		};
		80BFB798C9990DCFADA27936 /* Fixtures */ = {
			isa = PBXGroup;
			children = (
				063B0130DD0BA4DB96BC3109 /* agentDeltaSequence.json */,
				D357AD1CF6AF4E964407917D /* realTurnSequence.json */,
				465D0BE0B580B8C6A0E48941 /* threadResumeHistory.json */,
			);
			path = Fixtures;
			sourceTree = "<group>";
		};
		87E3E9BC06AA82C3710B1920 /* CodexRemote */ = {
			isa = PBXGroup;
			children = (
				60EE28685182A0308440F059 /* Assets.xcassets */,
				63C68933680BE3B3F3CEF73D /* App */,
				3479E133AD8B5499AD636555 /* Domain */,
				7031D82AFA3F7B1048E6BC92 /* Protocol */,
				26E8B07B1351ED1808A9FD03 /* Resources */,
				8AF8A5A053BA2082AE37258B /* RPC */,
				4216DAAF73C2AA95BEC2DAF9 /* Security */,
				4DC2508353D071036D1C5EE4 /* Stores */,
				89DA1C49302F32C7D9DB5333 /* Transport */,
				5208BDFB1DB8FEC37E7C4D01 /* Views */,
			);
			path = CodexRemote;
			sourceTree = "<group>";
		};
		89DA1C49302F32C7D9DB5333 /* Transport */ = {
			isa = PBXGroup;
			children = (
				0A271F024062297B9E0875E5 /* .gitkeep */,
				F31A93FB90F22CE40924C1E9 /* MessageTransport.swift */,
				538E3EC9A90E5AA65ECEC7A1 /* ProxyChannel.swift */,
				1A8CF06540ED3E7C246131C8 /* SSHClient.swift */,
				12C73D50DE0A51AB89EF6CC7 /* TransportControlEvent.swift */,
				02F9A9AAD9F7FFA810F6D770 /* TransportError.swift */,
				9CEC01713BD0BCEF1B4FC566 /* WSFrame.swift */,
			);
			path = Transport;
			sourceTree = "<group>";
		};
		8AF8A5A053BA2082AE37258B /* RPC */ = {
			isa = PBXGroup;
			children = (
				EE826C2EEEFE8229D048565F /* .gitkeep */,
				0497AFEB2BBEEB2BA956BB6B /* AnyCodable.swift */,
				164835E5F53DB4EC1BCAB13B /* JSONRPCClient.swift */,
				2B8A2809870EB2C408134910 /* JSONRPCEnvelope.swift */,
				265FEEA4EBD145A97B6C6769 /* RequestIdGenerator.swift */,
			);
			path = RPC;
			sourceTree = "<group>";
		};
		CA7B3B413DBEC4A5D2B2B3C3 /* Products */ = {
			isa = PBXGroup;
			children = (
				FA7C5D102DC860D73AE1ADE9 /* CodexRemote.app */,
				FFBA120F4EEB38BFB307D900 /* CodexRemoteTests.xctest */,
			);
			name = Products;
			sourceTree = "<group>";
		};
		FD5327EB046E26D0A91F32DE /* CodexRemoteTests */ = {
			isa = PBXGroup;
			children = (
				7C02EF49EE36452DFABE5657 /* AppearanceLocaleTests.swift */,
				C014E7B56BEB8CB1609A460D /* ApprovalBoundaryTests.swift */,
				8C30F4E2DC9A8957D15E03DA /* ApprovalStoreTests.swift */,
				4D2197F6A2B7E899050437AB /* CodexRemoteTests.swift */,
				F5B0B06C966AB8B15879FD39 /* ConnectionStoreTests.swift */,
				89C550C754DB48091C44F7E5 /* ConversationStoreTests.swift */,
				EAC9F320A35BB19E1F9376F5 /* EnvironmentInspectorTests.swift */,
				5FF7AFB1095E4D55F8F9B48E /* JSONRPCClientTests.swift */,
				3A46B0F715AC99CD902533D4 /* JSONRPCEnvelopeTests.swift */,
				882D98A278D8B64C660B8A05 /* KeychainStoreTests.swift */,
				114A352157315BC15F79C989 /* MidTurnControlTests.swift */,
				FB0BD4E81945814B56FD25C0 /* MockTransport.swift */,
				99F655DD85E105FE65CF9AE9 /* OrientationSnapshotTests.swift */,
				29E4DEA2725E8A3517A77141 /* ProjectsStoreTests.swift */,
				AFD990BEF80BA894D65E3CC8 /* ProtocolTypesTests.swift */,
				653E5C8A33FD7F7568474BB5 /* RequestIdGeneratorTests.swift */,
				3287E9ACB5ABFCFCB31D247E /* ResumeHistoryTests.swift */,
				59C2C186A13348CD2DD924AD /* SessionControlTests.swift */,
				B26181D87CDAC2BD3CDE3CF1 /* SidebarCollapseStoreTests.swift */,
				EB0423A12391FFC9C188F1C0 /* ThreadCreationAvailableTests.swift */,
				B500C47E4C5F7BD67CBD9017 /* ThreadCreationTests.swift */,
				665E5D286E79DF598F867D8E /* ThreadReducerTests.swift */,
				CADC1D5FAC4F625511CDF599 /* TransportControlTests.swift */,
				DABB3808D7F992E8E64B2D8B /* TurnDiffStatsTests.swift */,
				72CFD4C14CF04C7D4A529079 /* WorkspaceMetricsTests.swift */,
				EAE2C5B99FC08141E9BA12DE /* WorkspaceSummaryTests.swift */,
				629C4BF64FE053EFFD673A46 /* WSFrameTests.swift */,
				80BFB798C9990DCFADA27936 /* Fixtures */,
			);
			path = CodexRemoteTests;
			sourceTree = "<group>";
		};
/* End PBXGroup section */

/* Begin PBXNativeTarget section */
		5C6152924FE6EC6FE4049E1E /* CodexRemote */ = {
			isa = PBXNativeTarget;
			buildConfigurationList = 26B26785CCD5B8A7BAD25DC3 /* Build configuration list for PBXNativeTarget "CodexRemote" */;
			buildPhases = (
				219244036FF2F3C4FF8E50FD /* Sources */,
				27EDDC8C7674EF46AE66C99E /* Resources */,
				19CBFC54B7F6EF69F7664F3B /* Frameworks */,
			);
			buildRules = (
			);
			dependencies = (
			);
			name = CodexRemote;
			packageProductDependencies = (
				55AF6C40AC2043794D057E06 /* Citadel */,
			);
			productName = CodexRemote;
			productReference = FA7C5D102DC860D73AE1ADE9 /* CodexRemote.app */;
			productType = "com.apple.product-type.application";
		};
		C375F6E12FD30E2C2C0FD74F /* CodexRemoteTests */ = {
			isa = PBXNativeTarget;
			buildConfigurationList = 6178AE60C622B85B11661E3E /* Build configuration list for PBXNativeTarget "CodexRemoteTests" */;
			buildPhases = (
				22A335605493ED8EF2865B2B /* Sources */,
				570FAF8610F2582D3E924286 /* Resources */,
			);
			buildRules = (
			);
			dependencies = (
				C99FCCBB70C2AE8DE964987B /* PBXTargetDependency */,
			);
			name = CodexRemoteTests;
			packageProductDependencies = (
			);
			productName = CodexRemoteTests;
			productReference = FFBA120F4EEB38BFB307D900 /* CodexRemoteTests.xctest */;
			productType = "com.apple.product-type.bundle.unit-test";
		};
/* End PBXNativeTarget section */

/* Begin PBXProject section */
		123073DF2A1E467EE83C90DF /* Project object */ = {
			isa = PBXProject;
			attributes = {
				BuildIndependentTargetsInParallel = YES;
				LastUpgradeCheck = 1430;
				TargetAttributes = {
					5C6152924FE6EC6FE4049E1E = {
						DevelopmentTeam = "";
						ProvisioningStyle = Manual;
					};
					C375F6E12FD30E2C2C0FD74F = {
						DevelopmentTeam = "";
						ProvisioningStyle = Manual;
					};
				};
			};
			buildConfigurationList = 2FC9F936BC773118469CCA36 /* Build configuration list for PBXProject "CodexRemote" */;
			developmentRegion = "zh-Hans";
			hasScannedForEncodings = 0;
			knownRegions = (
				Base,
				en,
				"zh-Hans",
			);
			mainGroup = 712AD02F05D26361AF729D70;
			minimizedProjectReferenceProxies = 1;
			packageReferences = (
				935CA715DF2ED02C0C97E7BA /* XCRemoteSwiftPackageReference "Citadel" */,
			);
			preferredProjectObjectVersion = 77;
			productRefGroup = CA7B3B413DBEC4A5D2B2B3C3 /* Products */;
			projectDirPath = "";
			projectRoot = "";
			targets = (
				5C6152924FE6EC6FE4049E1E /* CodexRemote */,
				C375F6E12FD30E2C2C0FD74F /* CodexRemoteTests */,
			);
		};
/* End PBXProject section */

/* Begin PBXResourcesBuildPhase section */
		27EDDC8C7674EF46AE66C99E /* Resources */ = {
			isa = PBXResourcesBuildPhase;
			buildActionMask = 2147483647;
			files = (
				35C4ADCC92F968B4703A89E8 /* Assets.xcassets in Resources */,
				316D3211ACE08A29E4BCFC9B /* InfoPlist.xcstrings in Resources */,
				A790C963ED7709278CC0AB24 /* Localizable.xcstrings in Resources */,
			);
			runOnlyForDeploymentPostprocessing = 0;
		};
		570FAF8610F2582D3E924286 /* Resources */ = {
			isa = PBXResourcesBuildPhase;
			buildActionMask = 2147483647;
			files = (
				BEAA956A0743B18240709DE1 /* agentDeltaSequence.json in Resources */,
				74A5B7B7957A63E4631730A0 /* realTurnSequence.json in Resources */,
				D2F9F55619E9A03045CA0574 /* threadResumeHistory.json in Resources */,
			);
			runOnlyForDeploymentPostprocessing = 0;
		};
/* End PBXResourcesBuildPhase section */

/* Begin PBXSourcesBuildPhase section */
		219244036FF2F3C4FF8E50FD /* Sources */ = {
			isa = PBXSourcesBuildPhase;
			buildActionMask = 2147483647;
			files = (
				275C19E77BD43DA8BF99C5E3 /* AnyCodable.swift in Sources */,
				A3F5E6FE215FBCD46FCFBD1B /* AppearanceManagers.swift in Sources */,
				D7DB285A0CE365DE4A94F642 /* ApprovalCardView.swift in Sources */,
				DC440456A329A9F970150EED /* ApprovalCoordinator.swift in Sources */,
				8924E2361FB43E1B59B0C06C /* ApprovalStore.swift in Sources */,
				62753040920C67B96CE44594 /* ApprovalTypes.swift in Sources */,
				6FDED8BD7EE37F307D0B8BBE /* BottomPanelView.swift in Sources */,
				00D035F4CCE176BD3E53D4F1 /* CodexRemoteApp.swift in Sources */,
				E49F3B1FD0579B617A8365B0 /* ComposerView.swift in Sources */,
				2D322EE14909CDF6A7041FF6 /* ConnectionConfigView.swift in Sources */,
				2DFB2CAF97BD2AB649FA006C /* ConnectionStore.swift in Sources */,
				A5E3135117192215A58A0725 /* ConversationModels.swift in Sources */,
				A0657FFE6724B05B96DEEF24 /* ConversationStore.swift in Sources */,
				CF8F6B2441D5F2864FF029F2 /* ConversationView.swift in Sources */,
				BE8038DC1A529C8C141A2CE1 /* EnvironmentInspectorTypes.swift in Sources */,
				27868CE1EA50E45AA73B6C43 /* InitializeTypes.swift in Sources */,
				7C1E8B9263F5008571A38230 /* InspectorView.swift in Sources */,
				F598655776CA55B9B356105C /* ItemCards.swift in Sources */,
				9E265052FF22A341C5FCADDA /* JSONRPCClient.swift in Sources */,
				19D62A239106D552D1C812A9 /* JSONRPCEnvelope.swift in Sources */,
				86EDA4A60ECC1981BFBD9F47 /* KeyManager.swift in Sources */,
				51A6B737CEFC17965BF8AAE5 /* KeychainStore.swift in Sources */,
				4384F6C49B4DF94DB99FF2B3 /* LiveTransport.swift in Sources */,
				72FE542A0B5F413DFD6BF3A5 /* MessageTransport.swift in Sources */,
				768F24B3698500CD6C53C0DA /* Methods.swift in Sources */,
				CF18EA1565EE17F448E78A4C /* PanelEmptyState.swift in Sources */,
				909285AAA2F161956D6E21BA /* PlanStepList.swift in Sources */,
				F3ABCCA0D4D4D5F95EC6D43E /* ProgressCardBar.swift in Sources */,
				046D60CECEF36F595B491834 /* ProjectsStore.swift in Sources */,
				FF3225FE3ECC3EFFECDD3484 /* ProxyChannel.swift in Sources */,
				8D149C418824DDC92C03C15A /* RequestIdGenerator.swift in Sources */,
				092CD1F52D3E6A361F9BFFE5 /* RightPanelView.swift in Sources */,
				FFA2F39B69D91D29675AC2E5 /* RootSplitView.swift in Sources */,
				63920F05BE49A3245FE7CAA3 /* SSHClient.swift in Sources */,
				159D4E8773AA4216D0658E65 /* SettingsMenu.swift in Sources */,
				2ECEF967A2DCD5967A2D7F58 /* SidebarCollapseStore.swift in Sources */,
				60B8027EA88C6844E4528DEE /* SidebarView.swift in Sources */,
				76C0FDC0BD8FF14BBA01DE3A /* SummaryPopoverView.swift in Sources */,
				F370141604AEBDF313F80D49 /* ThreadReducer.swift in Sources */,
				33AC004C9A4D4DBB4DD0E93E /* ThreadTypes.swift in Sources */,
				0D779937FAD9F552AAECEFF9 /* TransportControlEvent.swift in Sources */,
				68F41951B0D29141EC887051 /* TransportError.swift in Sources */,
				27C11FFD572F6EB3E333175B /* TurnDiffStats.swift in Sources */,
				DA6FEB73129FD9F7F7A9A19A /* TurnPlan.swift in Sources */,
				D70B6AACE385E2B532842EC5 /* TurnTypes.swift in Sources */,
				452E4822A3BA3E26FC0B7AE6 /* WSFrame.swift in Sources */,
				BB4D3A2B39ACF6522A3E1580 /* WorkspaceMetrics.swift in Sources */,
				225A829C18798A93B2B74704 /* WorkspaceSummary.swift in Sources */,
			);
			runOnlyForDeploymentPostprocessing = 0;
		};
		22A335605493ED8EF2865B2B /* Sources */ = {
			isa = PBXSourcesBuildPhase;
			buildActionMask = 2147483647;
			files = (
				BCE49716A17C493E13D16EF1 /* AppearanceLocaleTests.swift in Sources */,
				CB138DD636A676F0FB62A490 /* ApprovalBoundaryTests.swift in Sources */,
				456A61D0BE4FF03A2281ADEC /* ApprovalStoreTests.swift in Sources */,
				C2F8DADF2BC6D387BDF605C0 /* CodexRemoteTests.swift in Sources */,
				123F9BDEDD1CADB7A435CB82 /* ConnectionStoreTests.swift in Sources */,
				BC80BF4355D7BC31B80A49D8 /* ConversationStoreTests.swift in Sources */,
				AE409793C410F73918FB4566 /* EnvironmentInspectorTests.swift in Sources */,
				46E575375B31BBDD1B4241BB /* JSONRPCClientTests.swift in Sources */,
				778221A116B554E3EA194D10 /* JSONRPCEnvelopeTests.swift in Sources */,
				D5B6DA068B60C12A08A999F2 /* KeychainStoreTests.swift in Sources */,
				09EBBCF3632D7D40FE2228CE /* MidTurnControlTests.swift in Sources */,
				13472DEE88E768A9DEF5651A /* MockTransport.swift in Sources */,
				412BB8A71B0724935A0B3602 /* OrientationSnapshotTests.swift in Sources */,
				6166961C795F332ADF8397E9 /* ProjectsStoreTests.swift in Sources */,
				2E22F5B05273F39AC264E778 /* ProtocolTypesTests.swift in Sources */,
				7564BF0AF552143A02DD9568 /* RequestIdGeneratorTests.swift in Sources */,
				520CB33800798B994A6E9AFF /* ResumeHistoryTests.swift in Sources */,
				6FFAD733B154404C0C3584E6 /* SessionControlTests.swift in Sources */,
				9F2EB90F10A15CE1CE83FDB9 /* SidebarCollapseStoreTests.swift in Sources */,
				EE07E50E5331775B7C2244C2 /* ThreadCreationAvailableTests.swift in Sources */,
				DAE6A0A01219753101114582 /* ThreadCreationTests.swift in Sources */,
				621495768AAB9EBBF750AC79 /* ThreadReducerTests.swift in Sources */,
				D7CEB04CD635A9C85D8EE084 /* TransportControlTests.swift in Sources */,
				9EE939BBE6DC57C306FEE425 /* TurnDiffStatsTests.swift in Sources */,
				06B05F7B8EDDC80C8B347B7C /* WSFrameTests.swift in Sources */,
				453B3D27BB12F60A8A83059D /* WorkspaceMetricsTests.swift in Sources */,
				52B94E3C1B886D9A83F2ADFF /* WorkspaceSummaryTests.swift in Sources */,
			);
			runOnlyForDeploymentPostprocessing = 0;
		};
/* End PBXSourcesBuildPhase section */

/* Begin PBXTargetDependency section */
		C99FCCBB70C2AE8DE964987B /* PBXTargetDependency */ = {
			isa = PBXTargetDependency;
			target = 5C6152924FE6EC6FE4049E1E /* CodexRemote */;
			targetProxy = 30E393F962EA28B6C364AD0A /* PBXContainerItemProxy */;
		};
/* End PBXTargetDependency section */

/* Begin XCBuildConfiguration section */
		0FC5D0A908D4A99DF3E3E6C6 /* Debug */ = {
			isa = XCBuildConfiguration;
			buildSettings = {
				BUNDLE_LOADER = "$(TEST_HOST)";
				GENERATE_INFOPLIST_FILE = YES;
				IPHONEOS_DEPLOYMENT_TARGET = 17.0;
				LD_RUNPATH_SEARCH_PATHS = (
					"$(inherited)",
					"@executable_path/Frameworks",
					"@loader_path/Frameworks",
				);
				PRODUCT_BUNDLE_IDENTIFIER = com.example.CodexRemoteTests;
				SDKROOT = iphoneos;
				SWIFT_VERSION = 6.0;
				TARGETED_DEVICE_FAMILY = "1,2";
				TEST_HOST = "$(BUILT_PRODUCTS_DIR)/CodexRemote.app/CodexRemote";
			};
			name = Debug;
		};
		32614D2C674A5F294F6F89F8 /* Debug */ = {
			isa = XCBuildConfiguration;
			buildSettings = {
				ALWAYS_SEARCH_USER_PATHS = NO;
				CLANG_ANALYZER_NONNULL = YES;
				CLANG_ANALYZER_NUMBER_OBJECT_CONVERSION = YES_AGGRESSIVE;
				CLANG_CXX_LANGUAGE_STANDARD = "gnu++14";
				CLANG_CXX_LIBRARY = "libc++";
				CLANG_ENABLE_MODULES = YES;
				CLANG_ENABLE_OBJC_ARC = YES;
				CLANG_ENABLE_OBJC_WEAK = YES;
				CLANG_WARN_BLOCK_CAPTURE_AUTORELEASING = YES;
				CLANG_WARN_BOOL_CONVERSION = YES;
				CLANG_WARN_COMMA = YES;
				CLANG_WARN_CONSTANT_CONVERSION = YES;
				CLANG_WARN_DEPRECATED_OBJC_IMPLEMENTATIONS = YES;
				CLANG_WARN_DIRECT_OBJC_ISA_USAGE = YES_ERROR;
				CLANG_WARN_DOCUMENTATION_COMMENTS = YES;
				CLANG_WARN_EMPTY_BODY = YES;
				CLANG_WARN_ENUM_CONVERSION = YES;
				CLANG_WARN_INFINITE_RECURSION = YES;
				CLANG_WARN_INT_CONVERSION = YES;
				CLANG_WARN_NON_LITERAL_NULL_CONVERSION = YES;
				CLANG_WARN_OBJC_IMPLICIT_RETAIN_SELF = YES;
				CLANG_WARN_OBJC_LITERAL_CONVERSION = YES;
				CLANG_WARN_OBJC_ROOT_CLASS = YES_ERROR;
				CLANG_WARN_QUOTED_INCLUDE_IN_FRAMEWORK_HEADER = YES;
				CLANG_WARN_RANGE_LOOP_ANALYSIS = YES;
				CLANG_WARN_STRICT_PROTOTYPES = YES;
				CLANG_WARN_SUSPICIOUS_MOVE = YES;
				CLANG_WARN_UNGUARDED_AVAILABILITY = YES_AGGRESSIVE;
				CLANG_WARN_UNREACHABLE_CODE = YES;
				CLANG_WARN__DUPLICATE_METHOD_MATCH = YES;
				CODE_SIGNING_ALLOWED = YES;
				CODE_SIGN_IDENTITY = "-";
				CODE_SIGN_STYLE = Manual;
				COPY_PHASE_STRIP = NO;
				DEBUG_INFORMATION_FORMAT = dwarf;
				DEVELOPMENT_TEAM = "";
				ENABLE_STRICT_OBJC_MSGSEND = YES;
				ENABLE_TESTABILITY = YES;
				GCC_C_LANGUAGE_STANDARD = gnu11;
				GCC_DYNAMIC_NO_PIC = NO;
				GCC_NO_COMMON_BLOCKS = YES;
				GCC_OPTIMIZATION_LEVEL = 0;
				GCC_PREPROCESSOR_DEFINITIONS = (
					"$(inherited)",
					"DEBUG=1",
				);
				GCC_WARN_64_TO_32_BIT_CONVERSION = YES;
				GCC_WARN_ABOUT_RETURN_TYPE = YES_ERROR;
				GCC_WARN_UNDECLARED_SELECTOR = YES;
				GCC_WARN_UNINITIALIZED_AUTOS = YES_AGGRESSIVE;
				GCC_WARN_UNUSED_FUNCTION = YES;
				GCC_WARN_UNUSED_VARIABLE = YES;
				IPHONEOS_DEPLOYMENT_TARGET = 17.0;
				MTL_ENABLE_DEBUG_INFO = INCLUDE_SOURCE;
				MTL_FAST_MATH = YES;
				ONLY_ACTIVE_ARCH = YES;
				PRODUCT_NAME = "$(TARGET_NAME)";
				SDKROOT = iphoneos;
				SWIFT_ACTIVE_COMPILATION_CONDITIONS = DEBUG;
				SWIFT_OPTIMIZATION_LEVEL = "-Onone";
				SWIFT_VERSION = 6.0;
			};
			name = Debug;
		};
		4BA705865E241AE80CAC977F /* Release */ = {
			isa = XCBuildConfiguration;
			buildSettings = {
				BUNDLE_LOADER = "$(TEST_HOST)";
				GENERATE_INFOPLIST_FILE = YES;
				IPHONEOS_DEPLOYMENT_TARGET = 17.0;
				LD_RUNPATH_SEARCH_PATHS = (
					"$(inherited)",
					"@executable_path/Frameworks",
					"@loader_path/Frameworks",
				);
				PRODUCT_BUNDLE_IDENTIFIER = com.example.CodexRemoteTests;
				SDKROOT = iphoneos;
				SWIFT_VERSION = 6.0;
				TARGETED_DEVICE_FAMILY = "1,2";
				TEST_HOST = "$(BUILT_PRODUCTS_DIR)/CodexRemote.app/CodexRemote";
			};
			name = Release;
		};
		E5A05AF578A1EB6B112E919E /* Release */ = {
			isa = XCBuildConfiguration;
			buildSettings = {
				ALWAYS_SEARCH_USER_PATHS = NO;
				CLANG_ANALYZER_NONNULL = YES;
				CLANG_ANALYZER_NUMBER_OBJECT_CONVERSION = YES_AGGRESSIVE;
				CLANG_CXX_LANGUAGE_STANDARD = "gnu++14";
				CLANG_CXX_LIBRARY = "libc++";
				CLANG_ENABLE_MODULES = YES;
				CLANG_ENABLE_OBJC_ARC = YES;
				CLANG_ENABLE_OBJC_WEAK = YES;
				CLANG_WARN_BLOCK_CAPTURE_AUTORELEASING = YES;
				CLANG_WARN_BOOL_CONVERSION = YES;
				CLANG_WARN_COMMA = YES;
				CLANG_WARN_CONSTANT_CONVERSION = YES;
				CLANG_WARN_DEPRECATED_OBJC_IMPLEMENTATIONS = YES;
				CLANG_WARN_DIRECT_OBJC_ISA_USAGE = YES_ERROR;
				CLANG_WARN_DOCUMENTATION_COMMENTS = YES;
				CLANG_WARN_EMPTY_BODY = YES;
				CLANG_WARN_ENUM_CONVERSION = YES;
				CLANG_WARN_INFINITE_RECURSION = YES;
				CLANG_WARN_INT_CONVERSION = YES;
				CLANG_WARN_NON_LITERAL_NULL_CONVERSION = YES;
				CLANG_WARN_OBJC_IMPLICIT_RETAIN_SELF = YES;
				CLANG_WARN_OBJC_LITERAL_CONVERSION = YES;
				CLANG_WARN_OBJC_ROOT_CLASS = YES_ERROR;
				CLANG_WARN_QUOTED_INCLUDE_IN_FRAMEWORK_HEADER = YES;
				CLANG_WARN_RANGE_LOOP_ANALYSIS = YES;
				CLANG_WARN_STRICT_PROTOTYPES = YES;
				CLANG_WARN_SUSPICIOUS_MOVE = YES;
				CLANG_WARN_UNGUARDED_AVAILABILITY = YES_AGGRESSIVE;
				CLANG_WARN_UNREACHABLE_CODE = YES;
				CLANG_WARN__DUPLICATE_METHOD_MATCH = YES;
				CODE_SIGNING_ALLOWED = YES;
				CODE_SIGN_IDENTITY = "-";
				CODE_SIGN_STYLE = Manual;
				COPY_PHASE_STRIP = NO;
				DEBUG_INFORMATION_FORMAT = "dwarf-with-dsym";
				DEVELOPMENT_TEAM = "";
				ENABLE_NS_ASSERTIONS = NO;
				ENABLE_STRICT_OBJC_MSGSEND = YES;
				GCC_C_LANGUAGE_STANDARD = gnu11;
				GCC_NO_COMMON_BLOCKS = YES;
				GCC_WARN_64_TO_32_BIT_CONVERSION = YES;
				GCC_WARN_ABOUT_RETURN_TYPE = YES_ERROR;
				GCC_WARN_UNDECLARED_SELECTOR = YES;
				GCC_WARN_UNINITIALIZED_AUTOS = YES_AGGRESSIVE;
				GCC_WARN_UNUSED_FUNCTION = YES;
				GCC_WARN_UNUSED_VARIABLE = YES;
				IPHONEOS_DEPLOYMENT_TARGET = 17.0;
				MTL_ENABLE_DEBUG_INFO = NO;
				MTL_FAST_MATH = YES;
				PRODUCT_NAME = "$(TARGET_NAME)";
				SDKROOT = iphoneos;
				SWIFT_COMPILATION_MODE = wholemodule;
				SWIFT_OPTIMIZATION_LEVEL = "-O";
				SWIFT_VERSION = 6.0;
			};
			name = Release;
		};
		E8030E0A83AD8E30B88820D8 /* Release */ = {
			isa = XCBuildConfiguration;
			buildSettings = {
				ASSETCATALOG_COMPILER_APPICON_NAME = AppIcon;
				ASSETCATALOG_COMPILER_GLOBAL_ACCENT_COLOR_NAME = AccentColor;
				CODE_SIGN_ENTITLEMENTS = CodexRemote/CodexRemote.entitlements;
				CODE_SIGN_IDENTITY = "iPhone Developer";
				GENERATE_INFOPLIST_FILE = NO;
				INFOPLIST_FILE = CodexRemote/Info.plist;
				IPHONEOS_DEPLOYMENT_TARGET = 17.0;
				LD_RUNPATH_SEARCH_PATHS = (
					"$(inherited)",
					"@executable_path/Frameworks",
				);
				PRODUCT_BUNDLE_IDENTIFIER = com.tangyujie.codexremote;
				SDKROOT = iphoneos;
				SWIFT_VERSION = 6.0;
				TARGETED_DEVICE_FAMILY = 2;
			};
			name = Release;
		};
		E821C7D2EB13C9D3DB7F7EF7 /* Debug */ = {
			isa = XCBuildConfiguration;
			buildSettings = {
				ASSETCATALOG_COMPILER_APPICON_NAME = AppIcon;
				ASSETCATALOG_COMPILER_GLOBAL_ACCENT_COLOR_NAME = AccentColor;
				CODE_SIGN_ENTITLEMENTS = CodexRemote/CodexRemote.entitlements;
				CODE_SIGN_IDENTITY = "iPhone Developer";
				GENERATE_INFOPLIST_FILE = NO;
				INFOPLIST_FILE = CodexRemote/Info.plist;
				IPHONEOS_DEPLOYMENT_TARGET = 17.0;
				LD_RUNPATH_SEARCH_PATHS = (
					"$(inherited)",
					"@executable_path/Frameworks",
				);
				PRODUCT_BUNDLE_IDENTIFIER = com.tangyujie.codexremote;
				SDKROOT = iphoneos;
				SWIFT_VERSION = 6.0;
				TARGETED_DEVICE_FAMILY = 2;
			};
			name = Debug;
		};
/* End XCBuildConfiguration section */

/* Begin XCConfigurationList section */
		26B26785CCD5B8A7BAD25DC3 /* Build configuration list for PBXNativeTarget "CodexRemote" */ = {
			isa = XCConfigurationList;
			buildConfigurations = (
				E821C7D2EB13C9D3DB7F7EF7 /* Debug */,
				E8030E0A83AD8E30B88820D8 /* Release */,
			);
			defaultConfigurationIsVisible = 0;
			defaultConfigurationName = Debug;
		};
		2FC9F936BC773118469CCA36 /* Build configuration list for PBXProject "CodexRemote" */ = {
			isa = XCConfigurationList;
			buildConfigurations = (
				32614D2C674A5F294F6F89F8 /* Debug */,
				E5A05AF578A1EB6B112E919E /* Release */,
			);
			defaultConfigurationIsVisible = 0;
			defaultConfigurationName = Debug;
		};
		6178AE60C622B85B11661E3E /* Build configuration list for PBXNativeTarget "CodexRemoteTests" */ = {
			isa = XCConfigurationList;
			buildConfigurations = (
				0FC5D0A908D4A99DF3E3E6C6 /* Debug */,
				4BA705865E241AE80CAC977F /* Release */,
			);
			defaultConfigurationIsVisible = 0;
			defaultConfigurationName = Debug;
		};
/* End XCConfigurationList section */

/* Begin XCRemoteSwiftPackageReference section */
		935CA715DF2ED02C0C97E7BA /* XCRemoteSwiftPackageReference "Citadel" */ = {
			isa = XCRemoteSwiftPackageReference;
			repositoryURL = "https://github.com/orlandos-nl/Citadel";
			requirement = {
				kind = upToNextMajorVersion;
				minimumVersion = 0.12.1;
			};
		};
/* End XCRemoteSwiftPackageReference section */

/* Begin XCSwiftPackageProductDependency section */
		55AF6C40AC2043794D057E06 /* Citadel */ = {
			isa = XCSwiftPackageProductDependency;
			package = 935CA715DF2ED02C0C97E7BA /* XCRemoteSwiftPackageReference "Citadel" */;
			productName = Citadel;
		};
/* End XCSwiftPackageProductDependency section */
	};
	rootObject = 123073DF2A1E467EE83C90DF /* Project object */;
}
